// !$*UTF8*$!
{
	archiveVersion = 1;
	classes = {
	};
	objectVersion = 77;
	objects = {

/* Begin PBXBuildFile section */
		1A0000000000000000000012 /* Dominio in Frameworks */ = {isa = PBXBuildFile; productRef = 1A0000000000000000000011 /* Dominio */; };
		1A0000000000000000000015 /* Fontaneria in Frameworks */ = {isa = PBXBuildFile; productRef = 1A0000000000000000000014 /* Fontaneria */; };
		1A000000000000000000003B /* Dominio in Frameworks */ = {isa = PBXBuildFile; productRef = 1A0000000000000000000036 /* Dominio */; };
		1A000000000000000000003C /* Fontaneria in Frameworks */ = {isa = PBXBuildFile; productRef = 1A0000000000000000000037 /* Fontaneria */; };
		1A000000000000000000003E /* Compartir.appex in Embed Foundation Extensions */ = {isa = PBXBuildFile; fileRef = 1A0000000000000000000030 /* Compartir.appex */; settings = {ATTRIBUTES = (RemoveHeadersOnCopy, ); }; };
/* End PBXBuildFile section */

/* Begin PBXFileReference section */
		1A0000000000000000000003 /* Guardalo.app */ = {isa = PBXFileReference; explicitFileType = wrapper.application; includeInIndex = 0; path = Guardalo.app; sourceTree = BUILT_PRODUCTS_DIR; };
		1A0000000000000000000021 /* PruebasInterfaz.xctest */ = {isa = PBXFileReference; explicitFileType = wrapper.cfbundle; includeInIndex = 0; path = PruebasInterfaz.xctest; sourceTree = BUILT_PRODUCTS_DIR; };
		1A0000000000000000000030 /* Compartir.appex */ = {isa = PBXFileReference; explicitFileType = "wrapper.app-extension"; includeInIndex = 0; path = Compartir.appex; sourceTree = BUILT_PRODUCTS_DIR; };
/* End PBXFileReference section */

/* Begin PBXFileSystemSynchronizedRootGroup section */
		1A0000000000000000000006 /* Guardalo */ = {isa = PBXFileSystemSynchronizedRootGroup; path = Guardalo; sourceTree = "<group>"; };
		1A0000000000000000000022 /* PruebasInterfaz */ = {isa = PBXFileSystemSynchronizedRootGroup; path = PruebasInterfaz; sourceTree = "<group>"; };
		1A0000000000000000000031 /* Compartir */ = {
			isa = PBXFileSystemSynchronizedRootGroup;
			exceptions = (
				1A0000000000000000000041 /* PBXFileSystemSynchronizedBuildFileExceptionSet */,
			);
			path = Compartir;
			sourceTree = "<group>";
		};
/* End PBXFileSystemSynchronizedRootGroup section */

/* Begin PBXFileSystemSynchronizedBuildFileExceptionSet section */
		1A0000000000000000000041 /* PBXFileSystemSynchronizedBuildFileExceptionSet */ = {
			isa = PBXFileSystemSynchronizedBuildFileExceptionSet;
			membershipExceptions = (
				Info.plist,
			);
			target = 1A0000000000000000000032 /* Compartir */;
		};
/* End PBXFileSystemSynchronizedBuildFileExceptionSet section */

/* Begin PBXFrameworksBuildPhase section */
		1A000000000000000000000E /* Frameworks */ = {
			isa = PBXFrameworksBuildPhase;
			buildActionMask = 2147483647;
			files = (
				1A0000000000000000000012 /* Dominio in Frameworks */,
				1A0000000000000000000015 /* Fontaneria in Frameworks */,
			);
			runOnlyForDeploymentPostprocessing = 0;
		};
		1A0000000000000000000027 /* Frameworks */ = {
			isa = PBXFrameworksBuildPhase;
			buildActionMask = 2147483647;
			files = (
			);
			runOnlyForDeploymentPostprocessing = 0;
		};
		1A0000000000000000000034 /* Frameworks */ = {
			isa = PBXFrameworksBuildPhase;
			buildActionMask = 2147483647;
			files = (
				1A000000000000000000003B /* Dominio in Frameworks */,
				1A000000000000000000003C /* Fontaneria in Frameworks */,
			);
			runOnlyForDeploymentPostprocessing = 0;
		};
/* End PBXFrameworksBuildPhase section */

/* Begin PBXGroup section */
		1A0000000000000000000004 = {
			isa = PBXGroup;
			children = (
				1A0000000000000000000006 /* Guardalo */,
				1A0000000000000000000031 /* Compartir */,
				1A0000000000000000000022 /* PruebasInterfaz */,
				1A0000000000000000000005 /* Products */,
			);
			sourceTree = "<group>";
		};
		1A0000000000000000000005 /* Products */ = {
			isa = PBXGroup;
			children = (
				1A0000000000000000000003 /* Guardalo.app */,
				1A0000000000000000000030 /* Compartir.appex */,
				1A0000000000000000000021 /* PruebasInterfaz.xctest */,
			);
			name = Products;
			sourceTree = "<group>";
		};
/* End PBXGroup section */

/* Begin PBXNativeTarget section */
		1A0000000000000000000002 /* Guardalo */ = {
			isa = PBXNativeTarget;
			buildConfigurationList = 1A0000000000000000000008 /* Build configuration list for PBXNativeTarget "Guardalo" */;
			buildPhases = (
				1A000000000000000000000D /* Sources */,
				1A000000000000000000000E /* Frameworks */,
				1A000000000000000000000F /* Resources */,
				1A000000000000000000003D /* Embed Foundation Extensions */,
			);
			buildRules = (
			);
			dependencies = (
				1A000000000000000000003F /* PBXTargetDependency */,
			);
			fileSystemSynchronizedGroups = (
				1A0000000000000000000006 /* Guardalo */,
			);
			name = Guardalo;
			packageProductDependencies = (
				1A0000000000000000000011 /* Dominio */,
				1A0000000000000000000014 /* Fontaneria */,
			);
			productName = Guardalo;
			productReference = 1A0000000000000000000003 /* Guardalo.app */;
			productType = "com.apple.product-type.application";
		};
		1A0000000000000000000020 /* PruebasInterfaz */ = {
			isa = PBXNativeTarget;
			buildConfigurationList = 1A0000000000000000000023 /* Build configuration list for PBXNativeTarget "PruebasInterfaz" */;
			buildPhases = (
				1A0000000000000000000026 /* Sources */,
				1A0000000000000000000027 /* Frameworks */,
				1A0000000000000000000028 /* Resources */,
			);
			buildRules = (
			);
			dependencies = (
				1A0000000000000000000029 /* PBXTargetDependency */,
			);
			fileSystemSynchronizedGroups = (
				1A0000000000000000000022 /* PruebasInterfaz */,
			);
			name = PruebasInterfaz;
			productName = PruebasInterfaz;
			productReference = 1A0000000000000000000021 /* PruebasInterfaz.xctest */;
			productType = "com.apple.product-type.bundle.ui-testing";
		};
		1A0000000000000000000032 /* Compartir */ = {
			isa = PBXNativeTarget;
			buildConfigurationList = 1A0000000000000000000038 /* Build configuration list for PBXNativeTarget "Compartir" */;
			buildPhases = (
				1A0000000000000000000033 /* Sources */,
				1A0000000000000000000034 /* Frameworks */,
				1A0000000000000000000035 /* Resources */,
			);
			buildRules = (
			);
			dependencies = (
			);
			fileSystemSynchronizedGroups = (
				1A0000000000000000000031 /* Compartir */,
			);
			name = Compartir;
			packageProductDependencies = (
				1A0000000000000000000036 /* Dominio */,
				1A0000000000000000000037 /* Fontaneria */,
			);
			productName = Compartir;
			productReference = 1A0000000000000000000030 /* Compartir.appex */;
			productType = "com.apple.product-type.app-extension";
		};
/* End PBXNativeTarget section */

/* Begin PBXContainerItemProxy section */
		1A000000000000000000002A /* PBXContainerItemProxy */ = {
			isa = PBXContainerItemProxy;
			containerPortal = 1A0000000000000000000001 /* Project object */;
			proxyType = 1;
			remoteGlobalIDString = 1A0000000000000000000002;
			remoteInfo = Guardalo;
		};
		1A0000000000000000000040 /* PBXContainerItemProxy */ = {
			isa = PBXContainerItemProxy;
			containerPortal = 1A0000000000000000000001 /* Project object */;
			proxyType = 1;
			remoteGlobalIDString = 1A0000000000000000000032;
			remoteInfo = Compartir;
		};
/* End PBXContainerItemProxy section */

/* Begin PBXTargetDependency section */
		1A0000000000000000000029 /* PBXTargetDependency */ = {
			isa = PBXTargetDependency;
			target = 1A0000000000000000000002 /* Guardalo */;
			targetProxy = 1A000000000000000000002A /* PBXContainerItemProxy */;
		};
		1A000000000000000000003F /* PBXTargetDependency */ = {
			isa = PBXTargetDependency;
			target = 1A0000000000000000000032 /* Compartir */;
			targetProxy = 1A0000000000000000000040 /* PBXContainerItemProxy */;
		};
/* End PBXTargetDependency section */

/* Begin PBXProject section */
		1A0000000000000000000001 /* Project object */ = {
			isa = PBXProject;
			attributes = {
				BuildIndependentTargetsInParallel = 1;
				LastSwiftUpdateCheck = 2700;
				LastUpgradeCheck = 2700;
				TargetAttributes = {
					1A0000000000000000000002 = {
						CreatedOnToolsVersion = 27.0;
					};
					1A0000000000000000000020 = {
						CreatedOnToolsVersion = 27.0;
						TestTargetID = 1A0000000000000000000002;
					};
					1A0000000000000000000032 = {
						CreatedOnToolsVersion = 27.0;
					};
				};
			};
			buildConfigurationList = 1A0000000000000000000007 /* Build configuration list for PBXProject "Guardalo" */;
			developmentRegion = es;
			hasScannedForEncodings = 0;
			knownRegions = (
				es,
				Base,
			);
			mainGroup = 1A0000000000000000000004;
			minimizedProjectReferenceProxies = 1;
			packageReferences = (
				1A0000000000000000000010 /* XCLocalSwiftPackageReference "Dominio" */,
				1A0000000000000000000013 /* XCLocalSwiftPackageReference "Fontaneria" */,
			);
			preferredProjectObjectVersion = 77;
			productRefGroup = 1A0000000000000000000005 /* Products */;
			projectDirPath = "";
			projectRoot = "";
			targets = (
				1A0000000000000000000002 /* Guardalo */,
				1A0000000000000000000032 /* Compartir */,
				1A0000000000000000000020 /* PruebasInterfaz */,
			);
		};
/* End PBXProject section */

/* Begin PBXCopyFilesBuildPhase section */
		1A000000000000000000003D /* Embed Foundation Extensions */ = {
			isa = PBXCopyFilesBuildPhase;
			buildActionMask = 2147483647;
			dstPath = "";
			dstSubfolderSpec = 13;
			files = (
				1A000000000000000000003E /* Compartir.appex in Embed Foundation Extensions */,
			);
			name = "Embed Foundation Extensions";
			runOnlyForDeploymentPostprocessing = 0;
		};
/* End PBXCopyFilesBuildPhase section */

/* Begin PBXResourcesBuildPhase section */
		1A000000000000000000000F /* Resources */ = {
			isa = PBXResourcesBuildPhase;
			buildActionMask = 2147483647;
			files = (
			);
			runOnlyForDeploymentPostprocessing = 0;
		};
		1A0000000000000000000028 /* Resources */ = {
			isa = PBXResourcesBuildPhase;
			buildActionMask = 2147483647;
			files = (
			);
			runOnlyForDeploymentPostprocessing = 0;
		};
		1A0000000000000000000035 /* Resources */ = {
			isa = PBXResourcesBuildPhase;
			buildActionMask = 2147483647;
			files = (
			);
			runOnlyForDeploymentPostprocessing = 0;
		};
/* End PBXResourcesBuildPhase section */

/* Begin PBXSourcesBuildPhase section */
		1A000000000000000000000D /* Sources */ = {
			isa = PBXSourcesBuildPhase;
			buildActionMask = 2147483647;
			files = (
			);
			runOnlyForDeploymentPostprocessing = 0;
		};
		1A0000000000000000000026 /* Sources */ = {
			isa = PBXSourcesBuildPhase;
			buildActionMask = 2147483647;
			files = (
			);
			runOnlyForDeploymentPostprocessing = 0;
		};
		1A0000000000000000000033 /* Sources */ = {
			isa = PBXSourcesBuildPhase;
			buildActionMask = 2147483647;
			files = (
			);
			runOnlyForDeploymentPostprocessing = 0;
		};
/* End PBXSourcesBuildPhase section */

/* Begin XCBuildConfiguration section */
		1A0000000000000000000009 /* Debug */ = {
			isa = XCBuildConfiguration;
			buildSettings = {
				ALWAYS_SEARCH_USER_PATHS = NO;
				CLANG_ENABLE_OBJC_WEAK = YES;
				COPY_PHASE_STRIP = NO;
				DEBUG_INFORMATION_FORMAT = dwarf;
				ENABLE_STRICT_OBJC_MSGSEND = YES;
				ENABLE_TESTABILITY = YES;
				ENABLE_USER_SCRIPT_SANDBOXING = YES;
				GCC_NO_COMMON_BLOCKS = YES;
				GCC_OPTIMIZATION_LEVEL = 0;
				IPHONEOS_DEPLOYMENT_TARGET = 18.0;
				MTL_ENABLE_DEBUG_INFO = INCLUDE_SOURCE;
				ONLY_ACTIVE_ARCH = YES;
				SDKROOT = iphoneos;
				SWIFT_ACTIVE_COMPILATION_CONDITIONS = "DEBUG $(inherited)";
				SWIFT_OPTIMIZATION_LEVEL = "-Onone";
				SWIFT_VERSION = 6.0;
			};
			name = Debug;
		};
		1A000000000000000000000A /* Release */ = {
			isa = XCBuildConfiguration;
			buildSettings = {
				ALWAYS_SEARCH_USER_PATHS = NO;
				CLANG_ENABLE_OBJC_WEAK = YES;
				COPY_PHASE_STRIP = NO;
				DEBUG_INFORMATION_FORMAT = "dwarf-with-dsym";
				ENABLE_NS_ASSERTIONS = NO;
				ENABLE_STRICT_OBJC_MSGSEND = YES;
				ENABLE_USER_SCRIPT_SANDBOXING = YES;
				GCC_NO_COMMON_BLOCKS = YES;
				IPHONEOS_DEPLOYMENT_TARGET = 18.0;
				MTL_ENABLE_DEBUG_INFO = NO;
				SDKROOT = iphoneos;
				SWIFT_COMPILATION_MODE = wholemodule;
				SWIFT_VERSION = 6.0;
				VALIDATE_PRODUCT = YES;
			};
			name = Release;
		};
		1A000000000000000000000B /* Debug */ = {
			isa = XCBuildConfiguration;
			buildSettings = {
				ASSETCATALOG_COMPILER_APPICON_NAME = AppIcon;
				ASSETCATALOG_COMPILER_GLOBAL_ACCENT_COLOR_NAME = AccentColor;
				CODE_SIGN_ENTITLEMENTS = Guardalo/Guardalo.entitlements;
				"CODE_SIGN_IDENTITY[sdk=iphoneos*]" = "Apple Development";
				CODE_SIGN_STYLE = Manual;
				"PROVISIONING_PROFILE_SPECIFIER[sdk=iphoneos*]" = "Guardalo nativo dev";
				DEVELOPMENT_TEAM = S92QZXCW54;
				CURRENT_PROJECT_VERSION = 1;
				ENABLE_PREVIEWS = YES;
				GENERATE_INFOPLIST_FILE = YES;
				INFOPLIST_KEY_CFBundleDisplayName = "Guárdalo nativo";
				INFOPLIST_KEY_UIApplicationSceneManifest_Generation = YES;
				INFOPLIST_KEY_UILaunchScreen_Generation = YES;
				INFOPLIST_KEY_UISupportedInterfaceOrientations = UIInterfaceOrientationPortrait;
				MARKETING_VERSION = 1.0;
				PRODUCT_BUNDLE_IDENTIFIER = com.jmortizsilva.guardarenlaces.nativa;
				PRODUCT_NAME = "$(TARGET_NAME)";
				SWIFT_EMIT_LOC_STRINGS = YES;
				SWIFT_VERSION = 6.0;
				TARGETED_DEVICE_FAMILY = 1;
			};
			name = Debug;
		};
		1A000000000000000000000C /* Release */ = {
			isa = XCBuildConfiguration;
			buildSettings = {
				ASSETCATALOG_COMPILER_APPICON_NAME = AppIcon;
				ASSETCATALOG_COMPILER_GLOBAL_ACCENT_COLOR_NAME = AccentColor;
				CODE_SIGN_ENTITLEMENTS = Guardalo/Guardalo.entitlements;
				"CODE_SIGN_IDENTITY[sdk=iphoneos*]" = "Apple Development";
				CODE_SIGN_STYLE = Manual;
				"PROVISIONING_PROFILE_SPECIFIER[sdk=iphoneos*]" = "Guardalo nativo dev";
				DEVELOPMENT_TEAM = S92QZXCW54;
				CURRENT_PROJECT_VERSION = 1;
				ENABLE_PREVIEWS = YES;
				GENERATE_INFOPLIST_FILE = YES;
				INFOPLIST_KEY_CFBundleDisplayName = "Guárdalo nativo";
				INFOPLIST_KEY_UIApplicationSceneManifest_Generation = YES;
				INFOPLIST_KEY_UILaunchScreen_Generation = YES;
				INFOPLIST_KEY_UISupportedInterfaceOrientations = UIInterfaceOrientationPortrait;
				MARKETING_VERSION = 1.0;
				PRODUCT_BUNDLE_IDENTIFIER = com.jmortizsilva.guardarenlaces.nativa;
				PRODUCT_NAME = "$(TARGET_NAME)";
				SWIFT_EMIT_LOC_STRINGS = YES;
				SWIFT_VERSION = 6.0;
				TARGETED_DEVICE_FAMILY = 1;
			};
			name = Release;
		};
		1A0000000000000000000024 /* Debug */ = {
			isa = XCBuildConfiguration;
			buildSettings = {
				CODE_SIGN_STYLE = Automatic;
				DEVELOPMENT_TEAM = S92QZXCW54;
				CURRENT_PROJECT_VERSION = 1;
				GENERATE_INFOPLIST_FILE = YES;
				MARKETING_VERSION = 1.0;
				PRODUCT_BUNDLE_IDENTIFIER = com.jmortizsilva.guardarenlaces.nativa.PruebasInterfaz;
				PRODUCT_NAME = "$(TARGET_NAME)";
				SWIFT_EMIT_LOC_STRINGS = NO;
				SWIFT_VERSION = 6.0;
				TARGETED_DEVICE_FAMILY = 1;
				TEST_TARGET_NAME = Guardalo;
			};
			name = Debug;
		};
		1A0000000000000000000025 /* Release */ = {
			isa = XCBuildConfiguration;
			buildSettings = {
				CODE_SIGN_STYLE = Automatic;
				DEVELOPMENT_TEAM = S92QZXCW54;
				CURRENT_PROJECT_VERSION = 1;
				GENERATE_INFOPLIST_FILE = YES;
				MARKETING_VERSION = 1.0;
				PRODUCT_BUNDLE_IDENTIFIER = com.jmortizsilva.guardarenlaces.nativa.PruebasInterfaz;
				PRODUCT_NAME = "$(TARGET_NAME)";
				SWIFT_EMIT_LOC_STRINGS = NO;
				SWIFT_VERSION = 6.0;
				TARGETED_DEVICE_FAMILY = 1;
				TEST_TARGET_NAME = Guardalo;
			};
			name = Release;
		};
		1A0000000000000000000039 /* Debug */ = {
			isa = XCBuildConfiguration;
			buildSettings = {
				CODE_SIGN_ENTITLEMENTS = Compartir/Compartir.entitlements;
				"CODE_SIGN_IDENTITY[sdk=iphoneos*]" = "Apple Development";
				CODE_SIGN_STYLE = Manual;
				"PROVISIONING_PROFILE_SPECIFIER[sdk=iphoneos*]" = "Guardalo nativo Compartir dev";
				CURRENT_PROJECT_VERSION = 1;
				DEVELOPMENT_TEAM = S92QZXCW54;
				GENERATE_INFOPLIST_FILE = YES;
				INFOPLIST_FILE = Compartir/Info.plist;
				INFOPLIST_KEY_CFBundleDisplayName = "Guárdalo";
				MARKETING_VERSION = 1.0;
				PRODUCT_BUNDLE_IDENTIFIER = com.jmortizsilva.guardarenlaces.nativa.Compartir;
				PRODUCT_NAME = "$(TARGET_NAME)";
				SKIP_INSTALL = YES;
				SWIFT_EMIT_LOC_STRINGS = YES;
				SWIFT_VERSION = 6.0;
				TARGETED_DEVICE_FAMILY = 1;
			};
			name = Debug;
		};
		1A000000000000000000003A /* Release */ = {
			isa = XCBuildConfiguration;
			buildSettings = {
				CODE_SIGN_ENTITLEMENTS = Compartir/Compartir.entitlements;
				"CODE_SIGN_IDENTITY[sdk=iphoneos*]" = "Apple Development";
				CODE_SIGN_STYLE = Manual;
				"PROVISIONING_PROFILE_SPECIFIER[sdk=iphoneos*]" = "Guardalo nativo Compartir dev";
				CURRENT_PROJECT_VERSION = 1;
				DEVELOPMENT_TEAM = S92QZXCW54;
				GENERATE_INFOPLIST_FILE = YES;
				INFOPLIST_FILE = Compartir/Info.plist;
				INFOPLIST_KEY_CFBundleDisplayName = "Guárdalo";
				MARKETING_VERSION = 1.0;
				PRODUCT_BUNDLE_IDENTIFIER = com.jmortizsilva.guardarenlaces.nativa.Compartir;
				PRODUCT_NAME = "$(TARGET_NAME)";
				SKIP_INSTALL = YES;
				SWIFT_EMIT_LOC_STRINGS = YES;
				SWIFT_VERSION = 6.0;
				TARGETED_DEVICE_FAMILY = 1;
			};
			name = Release;
		};
/* End XCBuildConfiguration section */

/* Begin XCConfigurationList section */
		1A0000000000000000000007 /* Build configuration list for PBXProject "Guardalo" */ = {
			isa = XCConfigurationList;
			buildConfigurations = (
				1A0000000000000000000009 /* Debug */,
				1A000000000000000000000A /* Release */,
			);
			defaultConfigurationIsVisible = 0;
			defaultConfigurationName = Release;
		};
		1A0000000000000000000008 /* Build configuration list for PBXNativeTarget "Guardalo" */ = {
			isa = XCConfigurationList;
			buildConfigurations = (
				1A000000000000000000000B /* Debug */,
				1A000000000000000000000C /* Release */,
			);
			defaultConfigurationIsVisible = 0;
			defaultConfigurationName = Release;
		};
		1A0000000000000000000023 /* Build configuration list for PBXNativeTarget "PruebasInterfaz" */ = {
			isa = XCConfigurationList;
			buildConfigurations = (
				1A0000000000000000000024 /* Debug */,
				1A0000000000000000000025 /* Release */,
			);
			defaultConfigurationIsVisible = 0;
			defaultConfigurationName = Release;
		};
		1A0000000000000000000038 /* Build configuration list for PBXNativeTarget "Compartir" */ = {
			isa = XCConfigurationList;
			buildConfigurations = (
				1A0000000000000000000039 /* Debug */,
				1A000000000000000000003A /* Release */,
			);
			defaultConfigurationIsVisible = 0;
			defaultConfigurationName = Release;
		};
/* End XCConfigurationList section */

/* Begin XCLocalSwiftPackageReference section */
		1A0000000000000000000010 /* XCLocalSwiftPackageReference "Dominio" */ = {
			isa = XCLocalSwiftPackageReference;
			relativePath = Dominio;
		};
		1A0000000000000000000013 /* XCLocalSwiftPackageReference "Fontaneria" */ = {
			isa = XCLocalSwiftPackageReference;
			relativePath = Fontaneria;
		};
/* End XCLocalSwiftPackageReference section */

/* Begin XCSwiftPackageProductDependency section */
		1A0000000000000000000011 /* Dominio */ = {
			isa = XCSwiftPackageProductDependency;
			productName = Dominio;
		};
		1A0000000000000000000014 /* Fontaneria */ = {
			isa = XCSwiftPackageProductDependency;
			productName = Fontaneria;
		};
		1A0000000000000000000036 /* Dominio */ = {
			isa = XCSwiftPackageProductDependency;
			productName = Dominio;
		};
		1A0000000000000000000037 /* Fontaneria */ = {
			isa = XCSwiftPackageProductDependency;
			productName = Fontaneria;
		};
/* End XCSwiftPackageProductDependency section */
	};
	rootObject = 1A0000000000000000000001 /* Project object */;
}
